
Microsoft Visual Studio Solution File, Format Version 12.00
Project("{FAE04EC0-301F-11D3-BF4B-00C04F79EFBC}") = "Backlog-Blazor", "Backlog-Blazor\Backlog-Blazor.csproj", "{3EA67CB8-80B8-49B6-AD63-25C5ECD0DC0E}"
EndProject
Project("{FAE04EC0-301F-11D3-BF4B-00C04F79EFBC}") = "BacklogBlazor_Server", "BacklogBlazor_Server\BacklogBlazor_Server.csproj", "{8EFD195C-6271-4A00-84BC-C7892F72838B}"
EndProject
Project("{FAE04EC0-301F-11D3-BF4B-00C04F79EFBC}") = "BacklogBlazor_Shared", "BacklogBlazor_Shared\BacklogBlazor_Shared.csproj", "{47499BAC-B393-4D5D-BECA-29BFE9E3A7A2}"
EndProject
Global
	GlobalSection(SolutionConfigurationPlatforms) = preSolution
		Debug|Any CPU = Debug|Any CPU
		Release|Any CPU = Release|Any CPU
	EndGlobalSection
	GlobalSection(ProjectConfigurationPlatforms) = postSolution
		{3EA67CB8-80B8-49B6-AD63-25C5ECD0DC0E}.Debug|Any CPU.ActiveCfg = Debug|Any CPU
		{3EA67CB8-80B8-49B6-AD63-25C5ECD0DC0E}.Debug|Any CPU.Build.0 = Debug|Any CPU
		{3EA67CB8-80B8-49B6-AD63-25C5ECD0DC0E}.Release|Any CPU.ActiveCfg = Release|Any CPU
		{3EA67CB8-80B8-49B6-AD63-25C5ECD0DC0E}.Release|Any CPU.Build.0 = Release|Any CPU
		{8EFD195C-6271-4A00-84BC-C7892F72838B}.Debug|Any CPU.ActiveCfg = Debug|Any CPU
		{8EFD195C-6271-4A00-84BC-C7892F72838B}.Debug|Any CPU.Build.0 = Debug|Any CPU
		{8EFD195C-6271-4A00-84BC-C7892F72838B}.Release|Any CPU.ActiveCfg = Release|Any CPU
		{8EFD195C-6271-4A00-84BC-C7892F72838B}.Release|Any CPU.Build.0 = Release|Any CPU
		{47499BAC-B393-4D5D-BECA-29BFE9E3A7A2}.Debug|Any CPU.ActiveCfg = Debug|Any CPU
		{47499BAC-B393-4D5D-BECA-29BFE9E3A7A2}.Debug|Any CPU.Build.0 = Debug|Any CPU
		{47499BAC-B393-4D5D-BECA-29BFE9E3A7A2}.Release|Any CPU.ActiveCfg = Release|Any CPU
		{47499BAC-B393-4D5D-BECA-29BFE9E3A7A2}.Release|Any CPU.Build.0 = Release|Any CPU
	EndGlobalSection
EndGlobal
